
Microsoft Visual Studio Solution File, Format Version 12.00
# Visual Studio Version 16
VisualStudioVersion = 16.0.30804.86
MinimumVisualStudioVersion = 10.0.40219.1
Project("{F184B08F-C81C-45F6-A57F-5ABD9991F28F}") = "ClienteForms", "ClienteForm\ClienteForms.vbproj", "{70708EEA-43C1-436B-88F2-03F1C61CE8A7}"
EndProject
Project("{F184B08F-C81C-45F6-A57F-5ABD9991F28F}") = "DataAccess", "DataAccess\DataAccess.vbproj", "{D359C65A-CC2E-4BBE-94B9-6AB9CC182A05}"
EndProject
Project("{F184B08F-C81C-45F6-A57F-5ABD9991F28F}") = "Domain", "Domain\Domain.vbproj", "{F7B9DF6F-F738-4E0D-9EA6-BC865FCD7D1C}"
EndProject
Project("{F184B08F-C81C-45F6-A57F-5ABD9991F28F}") = "Business", "Business\Business.vbproj", "{38A2E2E5-9087-45A5-A5B0-AA85BD513710}"
EndProject
Global
	GlobalSection(SolutionConfigurationPlatforms) = preSolution
		Debug|Any CPU = Debug|Any CPU
		Release|Any CPU = Release|Any CPU
	EndGlobalSection
	GlobalSection(ProjectConfigurationPlatforms) = postSolution
		{70708EEA-43C1-436B-88F2-03F1C61CE8A7}.Debug|Any CPU.ActiveCfg = Debug|Any CPU
		{70708EEA-43C1-436B-88F2-03F1C61CE8A7}.Debug|Any CPU.Build.0 = Debug|Any CPU
		{70708EEA-43C1-436B-88F2-03F1C61CE8A7}.Release|Any CPU.ActiveCfg = Release|Any CPU
		{70708EEA-43C1-436B-88F2-03F1C61CE8A7}.Release|Any CPU.Build.0 = Release|Any CPU
		{D359C65A-CC2E-4BBE-94B9-6AB9CC182A05}.Debug|Any CPU.ActiveCfg = Debug|Any CPU
		{D359C65A-CC2E-4BBE-94B9-6AB9CC182A05}.Debug|Any CPU.Build.0 = Debug|Any CPU
		{D359C65A-CC2E-4BBE-94B9-6AB9CC182A05}.Release|Any CPU.ActiveCfg = Release|Any CPU
		{D359C65A-CC2E-4BBE-94B9-6AB9CC182A05}.Release|Any CPU.Build.0 = Release|Any CPU
		{F7B9DF6F-F738-4E0D-9EA6-BC865FCD7D1C}.Debug|Any CPU.ActiveCfg = Debug|Any CPU
		{F7B9DF6F-F738-4E0D-9EA6-BC865FCD7D1C}.Debug|Any CPU.Build.0 = Debug|Any CPU
		{F7B9DF6F-F738-4E0D-9EA6-BC865FCD7D1C}.Release|Any CPU.ActiveCfg = Release|Any CPU
		{F7B9DF6F-F738-4E0D-9EA6-BC865FCD7D1C}.Release|Any CPU.Build.0 = Release|Any CPU
		{38A2E2E5-9087-45A5-A5B0-AA85BD513710}.Debug|Any CPU.ActiveCfg = Debug|Any CPU
		{38A2E2E5-9087-45A5-A5B0-AA85BD513710}.Debug|Any CPU.Build.0 = Debug|Any CPU
		{38A2E2E5-9087-45A5-A5B0-AA85BD513710}.Release|Any CPU.ActiveCfg = Release|Any CPU
		{38A2E2E5-9087-45A5-A5B0-AA85BD513710}.Release|Any CPU.Build.0 = Release|Any CPU
	EndGlobalSection
	GlobalSection(SolutionProperties) = preSolution
		HideSolutionNode = FALSE
	EndGlobalSection
	GlobalSection(ExtensibilityGlobals) = postSolution
		SolutionGuid = {CE1D860E-A8FF-4AD5-AE22-D9400AE9FF89}
	EndGlobalSection
EndGlobal
